# This file is autogenerated, do not edit; changes may be undone by the next 'dep ensure'.


[[projects]]
  branch = "master"
  digest = "1:726a5968de0f0a2e69c6534358360bf893e4115e161cb716dc5d6487d57fa6dd"
  name = "github.com/bassaer/go-lib"
  packages = ["."]
  pruneopts = "UT"
  revision = "7f054b8da5cb91078aeb8c5c5683e559ca8b7a32"

[solve-meta]
  analyzer-name = "dep"
  analyzer-version = 1
  input-imports = ["github.com/bassaer/go-lib"]
  solver-name = "gps-cdcl"
  solver-version = 1
